
Microsoft Visual Studio Solution File, Format Version 12.00
# Visual Studio 2013
VisualStudioVersion = 12.0.31101.0
MinimumVisualStudioVersion = 10.0.40219.1
Project("{FAE04EC0-301F-11D3-BF4B-00C04F79EFBC}") = "CarPooler", "CarPooler\CarPooler.csproj", "{98483852-423B-4359-A269-BA1B15456A11}"
EndProject
Project("{FAE04EC0-301F-11D3-BF4B-00C04F79EFBC}") = "CarPooler.Data", "CarPooler.Data\CarPooler.Data.csproj", "{4EF53A8C-CBE7-435D-9B2E-28686FCF4747}"
EndProject
Project("{FAE04EC0-301F-11D3-BF4B-00C04F79EFBC}") = "CarPooler.Data.Model", "CarPooler.Data.Model\CarPooler.Data.Model.csproj", "{34713D9E-59BF-46ED-9FB4-E2665FDC2368}"
EndProject
Global
	GlobalSection(SolutionConfigurationPlatforms) = preSolution
		Debug|Any CPU = Debug|Any CPU
		Release|Any CPU = Release|Any CPU
	EndGlobalSection
	GlobalSection(ProjectConfigurationPlatforms) = postSolution
		{98483852-423B-4359-A269-BA1B15456A11}.Debug|Any CPU.ActiveCfg = Debug|Any CPU
		{98483852-423B-4359-A269-BA1B15456A11}.Debug|Any CPU.Build.0 = Debug|Any CPU
		{98483852-423B-4359-A269-BA1B15456A11}.Release|Any CPU.ActiveCfg = Release|Any CPU
		{98483852-423B-4359-A269-BA1B15456A11}.Release|Any CPU.Build.0 = Release|Any CPU
		{4EF53A8C-CBE7-435D-9B2E-28686FCF4747}.Debug|Any CPU.ActiveCfg = Debug|Any CPU
		{4EF53A8C-CBE7-435D-9B2E-28686FCF4747}.Debug|Any CPU.Build.0 = Debug|Any CPU
		{4EF53A8C-CBE7-435D-9B2E-28686FCF4747}.Release|Any CPU.ActiveCfg = Release|Any CPU
		{4EF53A8C-CBE7-435D-9B2E-28686FCF4747}.Release|Any CPU.Build.0 = Release|Any CPU
		{34713D9E-59BF-46ED-9FB4-E2665FDC2368}.Debug|Any CPU.ActiveCfg = Debug|Any CPU
		{34713D9E-59BF-46ED-9FB4-E2665FDC2368}.Debug|Any CPU.Build.0 = Debug|Any CPU
		{34713D9E-59BF-46ED-9FB4-E2665FDC2368}.Release|Any CPU.ActiveCfg = Release|Any CPU
		{34713D9E-59BF-46ED-9FB4-E2665FDC2368}.Release|Any CPU.Build.0 = Release|Any CPU
	EndGlobalSection
	GlobalSection(SolutionProperties) = preSolution
		HideSolutionNode = FALSE
	EndGlobalSection
EndGlobal
